
Microsoft Visual Studio Solution File, Format Version 12.00
# Visual Studio 15
VisualStudioVersion = 15.0.28307.1684
MinimumVisualStudioVersion = 10.0.40219.1
Project("{FAE04EC0-301F-11D3-BF4B-00C04F79EFBC}") = "classPolymorphism", "classPolymorphism\classPolymorphism.csproj", "{A5E32C6D-FC3C-4458-B44A-10BBB050C1CF}"
EndProject
Global
	GlobalSection(SolutionConfigurationPlatforms) = preSolution
		Debug|Any CPU = Debug|Any CPU
		Release|Any CPU = Release|Any CPU
	EndGlobalSection
	GlobalSection(ProjectConfigurationPlatforms) = postSolution
		{A5E32C6D-FC3C-4458-B44A-10BBB050C1CF}.Debug|Any CPU.ActiveCfg = Debug|Any CPU
		{A5E32C6D-FC3C-4458-B44A-10BBB050C1CF}.Debug|Any CPU.Build.0 = Debug|Any CPU
		{A5E32C6D-FC3C-4458-B44A-10BBB050C1CF}.Release|Any CPU.ActiveCfg = Release|Any CPU
		{A5E32C6D-FC3C-4458-B44A-10BBB050C1CF}.Release|Any CPU.Build.0 = Release|Any CPU
	EndGlobalSection
	GlobalSection(SolutionProperties) = preSolution
		HideSolutionNode = FALSE
	EndGlobalSection
	GlobalSection(ExtensibilityGlobals) = postSolution
		SolutionGuid = {1DB3F7E4-A461-4AFD-9262-0322C42572B6}
	EndGlobalSection
EndGlobal
