
Microsoft Visual Studio Solution File, Format Version 12.00
# Visual Studio 15
VisualStudioVersion = 15.0.28307.1684
MinimumVisualStudioVersion = 10.0.40219.1
Project("{FAE04EC0-301F-11D3-BF4B-00C04F79EFBC}") = "Search_ArrayList", "Search_ArrayList\Search_ArrayList.csproj", "{4E28B1F5-981B-467F-AC71-3DED85B02CCD}"
EndProject
Global
	GlobalSection(SolutionConfigurationPlatforms) = preSolution
		Debug|Any CPU = Debug|Any CPU
		Release|Any CPU = Release|Any CPU
	EndGlobalSection
	GlobalSection(ProjectConfigurationPlatforms) = postSolution
		{4E28B1F5-981B-467F-AC71-3DED85B02CCD}.Debug|Any CPU.ActiveCfg = Debug|Any CPU
		{4E28B1F5-981B-467F-AC71-3DED85B02CCD}.Debug|Any CPU.Build.0 = Debug|Any CPU
		{4E28B1F5-981B-467F-AC71-3DED85B02CCD}.Release|Any CPU.ActiveCfg = Release|Any CPU
		{4E28B1F5-981B-467F-AC71-3DED85B02CCD}.Release|Any CPU.Build.0 = Release|Any CPU
	EndGlobalSection
	GlobalSection(SolutionProperties) = preSolution
		HideSolutionNode = FALSE
	EndGlobalSection
	GlobalSection(ExtensibilityGlobals) = postSolution
		SolutionGuid = {A0C017AB-9617-49CC-A790-7BAB5C6BD2C6}
	EndGlobalSection
EndGlobal
