
Microsoft Visual Studio Solution File, Format Version 12.00
# Visual Studio 15
VisualStudioVersion = 15.0.28307.1684
MinimumVisualStudioVersion = 10.0.40219.1
Project("{FAE04EC0-301F-11D3-BF4B-00C04F79EFBC}") = "classInheritance", "classInheritance\classInheritance.csproj", "{90F8F7A2-1B23-4461-B3CA-563A54AD0A95}"
EndProject
Global
	GlobalSection(SolutionConfigurationPlatforms) = preSolution
		Debug|Any CPU = Debug|Any CPU
		Release|Any CPU = Release|Any CPU
	EndGlobalSection
	GlobalSection(ProjectConfigurationPlatforms) = postSolution
		{90F8F7A2-1B23-4461-B3CA-563A54AD0A95}.Debug|Any CPU.ActiveCfg = Debug|Any CPU
		{90F8F7A2-1B23-4461-B3CA-563A54AD0A95}.Debug|Any CPU.Build.0 = Debug|Any CPU
		{90F8F7A2-1B23-4461-B3CA-563A54AD0A95}.Release|Any CPU.ActiveCfg = Release|Any CPU
		{90F8F7A2-1B23-4461-B3CA-563A54AD0A95}.Release|Any CPU.Build.0 = Release|Any CPU
	EndGlobalSection
	GlobalSection(SolutionProperties) = preSolution
		HideSolutionNode = FALSE
	EndGlobalSection
	GlobalSection(ExtensibilityGlobals) = postSolution
		SolutionGuid = {D59D801E-E7CA-4708-92C7-9F730D0D0D10}
	EndGlobalSection
EndGlobal
