
Microsoft Visual Studio Solution File, Format Version 12.00
# Visual Studio 15
VisualStudioVersion = 15.0.28307.1684
MinimumVisualStudioVersion = 10.0.40219.1
Project("{FAE04EC0-301F-11D3-BF4B-00C04F79EFBC}") = "ThreadingLock", "ThreadingLock\ThreadingLock.csproj", "{43FF4EC7-180F-4BF9-B0E6-42A4D1A2706A}"
EndProject
Global
	GlobalSection(SolutionConfigurationPlatforms) = preSolution
		Debug|Any CPU = Debug|Any CPU
		Release|Any CPU = Release|Any CPU
	EndGlobalSection
	GlobalSection(ProjectConfigurationPlatforms) = postSolution
		{43FF4EC7-180F-4BF9-B0E6-42A4D1A2706A}.Debug|Any CPU.ActiveCfg = Debug|Any CPU
		{43FF4EC7-180F-4BF9-B0E6-42A4D1A2706A}.Debug|Any CPU.Build.0 = Debug|Any CPU
		{43FF4EC7-180F-4BF9-B0E6-42A4D1A2706A}.Release|Any CPU.ActiveCfg = Release|Any CPU
		{43FF4EC7-180F-4BF9-B0E6-42A4D1A2706A}.Release|Any CPU.Build.0 = Release|Any CPU
	EndGlobalSection
	GlobalSection(SolutionProperties) = preSolution
		HideSolutionNode = FALSE
	EndGlobalSection
	GlobalSection(ExtensibilityGlobals) = postSolution
		SolutionGuid = {CF694BA0-3B25-4A4D-91FE-AF4C9A1E297C}
	EndGlobalSection
EndGlobal
