
Microsoft Visual Studio Solution File, Format Version 12.00
# Visual Studio 15
VisualStudioVersion = 15.0.28307.1684
MinimumVisualStudioVersion = 10.0.40219.1
Project("{FAE04EC0-301F-11D3-BF4B-00C04F79EFBC}") = "DestroyOfObject", "DestroyOfObject\DestroyOfObject.csproj", "{B9E59215-917B-4740-9E5C-E5B6063B0485}"
EndProject
Global
	GlobalSection(SolutionConfigurationPlatforms) = preSolution
		Debug|Any CPU = Debug|Any CPU
		Release|Any CPU = Release|Any CPU
	EndGlobalSection
	GlobalSection(ProjectConfigurationPlatforms) = postSolution
		{B9E59215-917B-4740-9E5C-E5B6063B0485}.Debug|Any CPU.ActiveCfg = Debug|Any CPU
		{B9E59215-917B-4740-9E5C-E5B6063B0485}.Debug|Any CPU.Build.0 = Debug|Any CPU
		{B9E59215-917B-4740-9E5C-E5B6063B0485}.Release|Any CPU.ActiveCfg = Release|Any CPU
		{B9E59215-917B-4740-9E5C-E5B6063B0485}.Release|Any CPU.Build.0 = Release|Any CPU
	EndGlobalSection
	GlobalSection(SolutionProperties) = preSolution
		HideSolutionNode = FALSE
	EndGlobalSection
	GlobalSection(ExtensibilityGlobals) = postSolution
		SolutionGuid = {FC0A602D-CF77-4D06-B13A-D1D265893219}
	EndGlobalSection
EndGlobal
