
Microsoft Visual Studio Solution File, Format Version 12.00
# Visual Studio 15
VisualStudioVersion = 15.0.28307.1684
MinimumVisualStudioVersion = 10.0.40219.1
Project("{FAE04EC0-301F-11D3-BF4B-00C04F79EFBC}") = "BarrierEx", "BarrierEx\BarrierEx.csproj", "{88412A32-1DB1-405A-8830-F82CE95AF822}"
EndProject
Global
	GlobalSection(SolutionConfigurationPlatforms) = preSolution
		Debug|Any CPU = Debug|Any CPU
		Release|Any CPU = Release|Any CPU
	EndGlobalSection
	GlobalSection(ProjectConfigurationPlatforms) = postSolution
		{88412A32-1DB1-405A-8830-F82CE95AF822}.Debug|Any CPU.ActiveCfg = Debug|Any CPU
		{88412A32-1DB1-405A-8830-F82CE95AF822}.Debug|Any CPU.Build.0 = Debug|Any CPU
		{88412A32-1DB1-405A-8830-F82CE95AF822}.Release|Any CPU.ActiveCfg = Release|Any CPU
		{88412A32-1DB1-405A-8830-F82CE95AF822}.Release|Any CPU.Build.0 = Release|Any CPU
	EndGlobalSection
	GlobalSection(SolutionProperties) = preSolution
		HideSolutionNode = FALSE
	EndGlobalSection
	GlobalSection(ExtensibilityGlobals) = postSolution
		SolutionGuid = {6743D070-AC86-4648-8555-4928B667E364}
	EndGlobalSection
EndGlobal
