
Microsoft Visual Studio Solution File, Format Version 12.00
# Visual Studio 15
VisualStudioVersion = 15.0.28307.1684
MinimumVisualStudioVersion = 10.0.40219.1
Project("{FAE04EC0-301F-11D3-BF4B-00C04F79EFBC}") = "ReadAndWriteOfbinaryFile", "ReadAndWriteOfbinaryFile\ReadAndWriteOfbinaryFile.csproj", "{0DD70CA5-1B6D-43E9-BA2F-C7A262B4A608}"
EndProject
Global
	GlobalSection(SolutionConfigurationPlatforms) = preSolution
		Debug|Any CPU = Debug|Any CPU
		Release|Any CPU = Release|Any CPU
	EndGlobalSection
	GlobalSection(ProjectConfigurationPlatforms) = postSolution
		{0DD70CA5-1B6D-43E9-BA2F-C7A262B4A608}.Debug|Any CPU.ActiveCfg = Debug|Any CPU
		{0DD70CA5-1B6D-43E9-BA2F-C7A262B4A608}.Debug|Any CPU.Build.0 = Debug|Any CPU
		{0DD70CA5-1B6D-43E9-BA2F-C7A262B4A608}.Release|Any CPU.ActiveCfg = Release|Any CPU
		{0DD70CA5-1B6D-43E9-BA2F-C7A262B4A608}.Release|Any CPU.Build.0 = Release|Any CPU
	EndGlobalSection
	GlobalSection(SolutionProperties) = preSolution
		HideSolutionNode = FALSE
	EndGlobalSection
	GlobalSection(ExtensibilityGlobals) = postSolution
		SolutionGuid = {DE17D1E2-3201-4847-8AF6-5430C9229C4C}
	EndGlobalSection
EndGlobal
