
Microsoft Visual Studio Solution File, Format Version 12.00
# Visual Studio 15
VisualStudioVersion = 15.0.28307.1684
MinimumVisualStudioVersion = 10.0.40219.1
Project("{FAE04EC0-301F-11D3-BF4B-00C04F79EFBC}") = "ThreadingAbout", "ThreadingAbout\ThreadingAbout.csproj", "{5E67124F-E9AC-4894-9806-72BD1D1881BB}"
EndProject
Global
	GlobalSection(SolutionConfigurationPlatforms) = preSolution
		Debug|Any CPU = Debug|Any CPU
		Release|Any CPU = Release|Any CPU
	EndGlobalSection
	GlobalSection(ProjectConfigurationPlatforms) = postSolution
		{5E67124F-E9AC-4894-9806-72BD1D1881BB}.Debug|Any CPU.ActiveCfg = Debug|Any CPU
		{5E67124F-E9AC-4894-9806-72BD1D1881BB}.Debug|Any CPU.Build.0 = Debug|Any CPU
		{5E67124F-E9AC-4894-9806-72BD1D1881BB}.Release|Any CPU.ActiveCfg = Release|Any CPU
		{5E67124F-E9AC-4894-9806-72BD1D1881BB}.Release|Any CPU.Build.0 = Release|Any CPU
	EndGlobalSection
	GlobalSection(SolutionProperties) = preSolution
		HideSolutionNode = FALSE
	EndGlobalSection
	GlobalSection(ExtensibilityGlobals) = postSolution
		SolutionGuid = {87BD2231-72D3-4102-A6D3-5292EB4BA30D}
	EndGlobalSection
EndGlobal
