
Microsoft Visual Studio Solution File, Format Version 12.00
# Visual Studio 15
VisualStudioVersion = 15.0.28307.1684
MinimumVisualStudioVersion = 10.0.40219.1
Project("{FAE04EC0-301F-11D3-BF4B-00C04F79EFBC}") = "ForegroundThreadAndBackgroundThread", "ForegroundThreadAndBackgroundThread\ForegroundThreadAndBackgroundThread.csproj", "{4338764A-6110-4EC6-90F3-B8358B58CED0}"
EndProject
Global
	GlobalSection(SolutionConfigurationPlatforms) = preSolution
		Debug|Any CPU = Debug|Any CPU
		Release|Any CPU = Release|Any CPU
	EndGlobalSection
	GlobalSection(ProjectConfigurationPlatforms) = postSolution
		{4338764A-6110-4EC6-90F3-B8358B58CED0}.Debug|Any CPU.ActiveCfg = Debug|Any CPU
		{4338764A-6110-4EC6-90F3-B8358B58CED0}.Debug|Any CPU.Build.0 = Debug|Any CPU
		{4338764A-6110-4EC6-90F3-B8358B58CED0}.Release|Any CPU.ActiveCfg = Release|Any CPU
		{4338764A-6110-4EC6-90F3-B8358B58CED0}.Release|Any CPU.Build.0 = Release|Any CPU
	EndGlobalSection
	GlobalSection(SolutionProperties) = preSolution
		HideSolutionNode = FALSE
	EndGlobalSection
	GlobalSection(ExtensibilityGlobals) = postSolution
		SolutionGuid = {65A109A3-299D-4C70-9929-B9DF2747EB1C}
	EndGlobalSection
EndGlobal
