
Microsoft Visual Studio Solution File, Format Version 12.00
# Visual Studio 15
VisualStudioVersion = 15.0.28307.1684
MinimumVisualStudioVersion = 10.0.40219.1
Project("{FAE04EC0-301F-11D3-BF4B-00C04F79EFBC}") = "classEncapsulation", "classEncapsulation\classEncapsulation.csproj", "{684549F7-63E6-4BE3-B91A-A94F23736038}"
EndProject
Global
	GlobalSection(SolutionConfigurationPlatforms) = preSolution
		Debug|Any CPU = Debug|Any CPU
		Release|Any CPU = Release|Any CPU
	EndGlobalSection
	GlobalSection(ProjectConfigurationPlatforms) = postSolution
		{684549F7-63E6-4BE3-B91A-A94F23736038}.Debug|Any CPU.ActiveCfg = Debug|Any CPU
		{684549F7-63E6-4BE3-B91A-A94F23736038}.Debug|Any CPU.Build.0 = Debug|Any CPU
		{684549F7-63E6-4BE3-B91A-A94F23736038}.Release|Any CPU.ActiveCfg = Release|Any CPU
		{684549F7-63E6-4BE3-B91A-A94F23736038}.Release|Any CPU.Build.0 = Release|Any CPU
	EndGlobalSection
	GlobalSection(SolutionProperties) = preSolution
		HideSolutionNode = FALSE
	EndGlobalSection
	GlobalSection(ExtensibilityGlobals) = postSolution
		SolutionGuid = {A08FEBEB-60A4-426E-8F58-B1D868BCC280}
	EndGlobalSection
EndGlobal
