
Microsoft Visual Studio Solution File, Format Version 12.00
# Visual Studio 15
VisualStudioVersion = 15.0.28307.1684
MinimumVisualStudioVersion = 10.0.40219.1
Project("{FAE04EC0-301F-11D3-BF4B-00C04F79EFBC}") = "Add_Hashtable", "Add_Hashtable\Add_Hashtable.csproj", "{F2BADC45-80C0-478C-967B-61403FF38C52}"
EndProject
Global
	GlobalSection(SolutionConfigurationPlatforms) = preSolution
		Debug|Any CPU = Debug|Any CPU
		Release|Any CPU = Release|Any CPU
	EndGlobalSection
	GlobalSection(ProjectConfigurationPlatforms) = postSolution
		{F2BADC45-80C0-478C-967B-61403FF38C52}.Debug|Any CPU.ActiveCfg = Debug|Any CPU
		{F2BADC45-80C0-478C-967B-61403FF38C52}.Debug|Any CPU.Build.0 = Debug|Any CPU
		{F2BADC45-80C0-478C-967B-61403FF38C52}.Release|Any CPU.ActiveCfg = Release|Any CPU
		{F2BADC45-80C0-478C-967B-61403FF38C52}.Release|Any CPU.Build.0 = Release|Any CPU
	EndGlobalSection
	GlobalSection(SolutionProperties) = preSolution
		HideSolutionNode = FALSE
	EndGlobalSection
	GlobalSection(ExtensibilityGlobals) = postSolution
		SolutionGuid = {AA382EA5-E200-4E60-96AA-C9D1CB66BA3C}
	EndGlobalSection
EndGlobal
