
Microsoft Visual Studio Solution File, Format Version 12.00
# Visual Studio 15
VisualStudioVersion = 15.0.28307.1684
MinimumVisualStudioVersion = 10.0.40219.1
Project("{FAE04EC0-301F-11D3-BF4B-00C04F79EFBC}") = "StateThreading", "StateThreading\StateThreading.csproj", "{48212B8B-CBCD-47B0-9F3D-89240F4E4BCD}"
EndProject
Global
	GlobalSection(SolutionConfigurationPlatforms) = preSolution
		Debug|Any CPU = Debug|Any CPU
		Release|Any CPU = Release|Any CPU
	EndGlobalSection
	GlobalSection(ProjectConfigurationPlatforms) = postSolution
		{48212B8B-CBCD-47B0-9F3D-89240F4E4BCD}.Debug|Any CPU.ActiveCfg = Debug|Any CPU
		{48212B8B-CBCD-47B0-9F3D-89240F4E4BCD}.Debug|Any CPU.Build.0 = Debug|Any CPU
		{48212B8B-CBCD-47B0-9F3D-89240F4E4BCD}.Release|Any CPU.ActiveCfg = Release|Any CPU
		{48212B8B-CBCD-47B0-9F3D-89240F4E4BCD}.Release|Any CPU.Build.0 = Release|Any CPU
	EndGlobalSection
	GlobalSection(SolutionProperties) = preSolution
		HideSolutionNode = FALSE
	EndGlobalSection
	GlobalSection(ExtensibilityGlobals) = postSolution
		SolutionGuid = {74713A63-FF13-4B46-949C-E58C368F9F80}
	EndGlobalSection
EndGlobal
