
Microsoft Visual Studio Solution File, Format Version 12.00
# Visual Studio 15
VisualStudioVersion = 15.0.28307.1684
MinimumVisualStudioVersion = 10.0.40219.1
Project("{FAE04EC0-301F-11D3-BF4B-00C04F79EFBC}") = "CreateThreading", "CreateThreading\CreateThreading.csproj", "{742EF919-DCC4-4B62-80B9-368795FF92BC}"
EndProject
Global
	GlobalSection(SolutionConfigurationPlatforms) = preSolution
		Debug|Any CPU = Debug|Any CPU
		Release|Any CPU = Release|Any CPU
	EndGlobalSection
	GlobalSection(ProjectConfigurationPlatforms) = postSolution
		{742EF919-DCC4-4B62-80B9-368795FF92BC}.Debug|Any CPU.ActiveCfg = Debug|Any CPU
		{742EF919-DCC4-4B62-80B9-368795FF92BC}.Debug|Any CPU.Build.0 = Debug|Any CPU
		{742EF919-DCC4-4B62-80B9-368795FF92BC}.Release|Any CPU.ActiveCfg = Release|Any CPU
		{742EF919-DCC4-4B62-80B9-368795FF92BC}.Release|Any CPU.Build.0 = Release|Any CPU
	EndGlobalSection
	GlobalSection(SolutionProperties) = preSolution
		HideSolutionNode = FALSE
	EndGlobalSection
	GlobalSection(ExtensibilityGlobals) = postSolution
		SolutionGuid = {96D501CB-DE72-42BD-BA17-B04ADE87767D}
	EndGlobalSection
EndGlobal
