
Microsoft Visual Studio Solution File, Format Version 12.00
# Visual Studio 15
VisualStudioVersion = 15.0.28307.1684
MinimumVisualStudioVersion = 10.0.40219.1
Project("{FAE04EC0-301F-11D3-BF4B-00C04F79EFBC}") = "DNS_case", "DNS_case\DNS_case.csproj", "{CF0091EE-D0C6-4240-946A-A9BD15F70A7A}"
EndProject
Global
	GlobalSection(SolutionConfigurationPlatforms) = preSolution
		Debug|Any CPU = Debug|Any CPU
		Release|Any CPU = Release|Any CPU
	EndGlobalSection
	GlobalSection(ProjectConfigurationPlatforms) = postSolution
		{CF0091EE-D0C6-4240-946A-A9BD15F70A7A}.Debug|Any CPU.ActiveCfg = Debug|Any CPU
		{CF0091EE-D0C6-4240-946A-A9BD15F70A7A}.Debug|Any CPU.Build.0 = Debug|Any CPU
		{CF0091EE-D0C6-4240-946A-A9BD15F70A7A}.Release|Any CPU.ActiveCfg = Release|Any CPU
		{CF0091EE-D0C6-4240-946A-A9BD15F70A7A}.Release|Any CPU.Build.0 = Release|Any CPU
	EndGlobalSection
	GlobalSection(SolutionProperties) = preSolution
		HideSolutionNode = FALSE
	EndGlobalSection
	GlobalSection(ExtensibilityGlobals) = postSolution
		SolutionGuid = {E7605F50-336A-4D35-963C-4448811855E1}
	EndGlobalSection
EndGlobal
