
Microsoft Visual Studio Solution File, Format Version 12.00
# Visual Studio 15
VisualStudioVersion = 15.0.28307.1684
MinimumVisualStudioVersion = 10.0.40219.1
Project("{FAE04EC0-301F-11D3-BF4B-00C04F79EFBC}") = "ReaderWriterLockSlim类", "ReaderWriterLockSlim类\ReaderWriterLockSlim类.csproj", "{E95615E8-9BA4-4055-BE5F-01C0FD32BAD8}"
EndProject
Global
	GlobalSection(SolutionConfigurationPlatforms) = preSolution
		Debug|Any CPU = Debug|Any CPU
		Release|Any CPU = Release|Any CPU
	EndGlobalSection
	GlobalSection(ProjectConfigurationPlatforms) = postSolution
		{E95615E8-9BA4-4055-BE5F-01C0FD32BAD8}.Debug|Any CPU.ActiveCfg = Debug|Any CPU
		{E95615E8-9BA4-4055-BE5F-01C0FD32BAD8}.Debug|Any CPU.Build.0 = Debug|Any CPU
		{E95615E8-9BA4-4055-BE5F-01C0FD32BAD8}.Release|Any CPU.ActiveCfg = Release|Any CPU
		{E95615E8-9BA4-4055-BE5F-01C0FD32BAD8}.Release|Any CPU.Build.0 = Release|Any CPU
	EndGlobalSection
	GlobalSection(SolutionProperties) = preSolution
		HideSolutionNode = FALSE
	EndGlobalSection
	GlobalSection(ExtensibilityGlobals) = postSolution
		SolutionGuid = {B11EED3F-1EAE-434A-8A3D-BBE8AD0ECE59}
	EndGlobalSection
EndGlobal
